# THIS IS AN AUTOGENERATED FILE. DO NOT EDIT THIS FILE DIRECTLY.
# yarn lockfile v1


abs-svg-path@^0.1.1:
  version "0.1.1"
  resolved "https://registry.nlark.com/abs-svg-path/download/abs-svg-path-0.1.1.tgz#df601c8e8d2ba10d4a76d625e236a9a39c2723bf"
  integrity sha1-32Acjo0roQ1KdtYl4japo5wnI78=

adaptive-bezier-curve@^1.0.3:
  version "1.0.3"
  resolved "https://registry.nlark.com/adaptive-bezier-curve/download/adaptive-bezier-curve-1.0.3.tgz#477577abe87d7280d46ca41649f6c22646fe8227"
  integrity sha1-R3V3q+h9coDUbKQWSfbCJkb+gic=

almost-equal@0.0.0:
  version "0.0.0"
  resolved "https://registry.npm.taobao.org/almost-equal/download/almost-equal-0.0.0.tgz#e7a5a6b3457b67c83ee0044f9a8d07637355f02d"
  integrity sha1-56Wms0V7Z8g+4ARPmo0HY3NV8C0=

almost-equal@^1.1.0:
  version "1.1.0"
  resolved "https://registry.npm.taobao.org/almost-equal/download/almost-equal-1.1.0.tgz#f851c631138757994276aa2efbe8dfa3066cccdd"
  integrity sha1-+FHGMROHV5lCdqou++jfowZszN0=

an-array@^1.0.0:
  version "1.0.0"
  resolved "https://registry.nlark.com/an-array/download/an-array-1.0.0.tgz#c125a5bb8257778e35f4b4f6aa9c7d0fa9e42665"
  integrity sha1-wSWlu4JXd4419LT2qpx9D6nkJmU=

array-almost-equal@^1.0.0:
  version "1.0.0"
  resolved "https://registry.npmmirror.com/array-almost-equal/download/array-almost-equal-1.0.0.tgz#43c54ff435042e9cbfa4212ac49ada5fc7359fc5"
  integrity sha1-Q8VP9DUELpy/pCEqxJraX8c1n8U=
  dependencies:
    almost-equal "0.0.0"
    an-array "^1.0.0"

call-bind@^1.0.2:
  version "1.0.2"
  resolved "https://registry.nlark.com/call-bind/download/call-bind-1.0.2.tgz#b1d4e89e688119c3c9a903ad30abb2f6a919be3c"
  integrity sha1-sdTonmiBGcPJqQOtMKuy9qkZvjw=
  dependencies:
    function-bind "^1.1.1"
    get-intrinsic "^1.0.2"

canvas-sketch-util@^1.10.0:
  version "1.10.0"
  resolved "https://registry.npmmirror.com/canvas-sketch-util/download/canvas-sketch-util-1.10.0.tgz#93d11aa378f8991ed0837d1bf8ea738132f41f1e"
  integrity sha1-k9Eao3j4mR7Qg30b+OpzgTL0Hx4=
  dependencies:
    abs-svg-path "^0.1.1"
    almost-equal "^1.1.0"
    array-almost-equal "^1.0.0"
    clone "^2.1.2"
    color-luminance "^2.1.0"
    convert-length "^1.0.1"
    d3-path "^1.0.8"
    defined "^1.0.0"
    float-hsl2rgb "^1.0.2"
    float-rgb2hsl "^1.0.1"
    lineclip "^1.1.5"
    normalize-svg-path "^1.0.1"
    parse-color "^1.0.0"
    parse-svg-path "^0.1.2"
    primitive-quad "^2.0.0"
    regl "^1.3.7"
    seed-random "^2.2.0"
    simplex-noise "^2.4.0"
    svg-path-contours "^2.0.0"

canvas-sketch@^0.7.4:
  version "0.7.4"
  resolved "https://registry.npmmirror.com/canvas-sketch/download/canvas-sketch-0.7.4.tgz#358e4efc8b011e9f13abfb0fcb2ffc8eed1fe255"
  integrity sha1-NY5O/IsBHp8Tq/sPyy/8ju0f4lU=
  dependencies:
    convert-length "^1.0.1"
    dateformat "^3.0.3"
    deep-equal "^1.0.1"
    get-canvas-context "^1.0.2"
    is-class "0.0.5"
    is-dom "^1.0.9"
    is-promise "^2.1.0"
    object-assign "^4.1.1"
    pad-left "^2.1.0"
    right-now "^1.0.0"

clone@^2.1.2:
  version "2.1.2"
  resolved "https://registry.nlark.com/clone/download/clone-2.1.2.tgz#1b7f4b9f591f1e8f83670401600345a02887435f"
  integrity sha1-G39Ln1kfHo+DZwQBYANFoCiHQ18=

color-convert@~0.5.0:
  version "0.5.3"
  resolved "https://registry.npm.taobao.org/color-convert/download/color-convert-0.5.3.tgz#bdb6c69ce660fadffe0b0007cc447e1b9f7282bd"
  integrity sha1-vbbGnOZg+t/+CwAHzER+G59ygr0=

color-luminance@^2.1.0:
  version "2.1.0"
  resolved "https://registry.npmmirror.com/color-luminance/download/color-luminance-2.1.0.tgz#58ff2ebd32b52d07f5378eefe5a0e79d6b318ad7"
  integrity sha1-WP8uvTK1LQf1N47v5aDnnWsxitc=

convert-length@^1.0.1:
  version "1.0.1"
  resolved "https://registry.npmmirror.com/convert-length/download/convert-length-1.0.1.tgz#b66c7dc1f7d181916667c977f57be2f1eb17c1b7"
  integrity sha1-tmx9wffRgZFmZ8l39Xvi8esXwbc=
  dependencies:
    defined "^1.0.0"

d3-path@^1.0.8:
  version "1.0.9"
  resolved "https://registry.nlark.com/d3-path/download/d3-path-1.0.9.tgz?cache=0&sync_timestamp=1622917833000&other_urls=https%3A%2F%2Fregistry.nlark.com%2Fd3-path%2Fdownload%2Fd3-path-1.0.9.tgz#48c050bb1fe8c262493a8caf5524e3e9591701cf"
  integrity sha1-SMBQux/owmJJOoyvVSTj6VkXAc8=

dateformat@^3.0.3:
  version "3.0.3"
  resolved "https://registry.npmmirror.com/dateformat/download/dateformat-3.0.3.tgz?cache=0&sync_timestamp=1634391114229&other_urls=https%3A%2F%2Fregistry.npmmirror.com%2Fdateformat%2Fdownload%2Fdateformat-3.0.3.tgz#a6e37499a4d9a9cf85ef5872044d62901c9889ae"
  integrity sha1-puN0maTZqc+F71hyBE1ikByYia4=

deep-equal@^1.0.1:
  version "1.1.1"
  resolved "https://registry.nlark.com/deep-equal/download/deep-equal-1.1.1.tgz#b5c98c942ceffaf7cb051e24e1434a25a2e6076a"
  integrity sha1-tcmMlCzv+vfLBR4k4UNKJaLmB2o=
  dependencies:
    is-arguments "^1.0.4"
    is-date-object "^1.0.1"
    is-regex "^1.0.4"
    object-is "^1.0.1"
    object-keys "^1.1.1"
    regexp.prototype.flags "^1.2.0"

define-properties@^1.1.3:
  version "1.1.3"
  resolved "https://registry.nlark.com/define-properties/download/define-properties-1.1.3.tgz?cache=0&sync_timestamp=1618847174317&other_urls=https%3A%2F%2Fregistry.nlark.com%2Fdefine-properties%2Fdownload%2Fdefine-properties-1.1.3.tgz#cf88da6cbee26fe6db7094f61d870cbd84cee9f1"
  integrity sha1-z4jabL7ib+bbcJT2HYcMvYTO6fE=
  dependencies:
    object-keys "^1.0.12"

defined@^1.0.0:
  version "1.0.0"
  resolved "https://registry.npm.taobao.org/defined/download/defined-1.0.0.tgz#c98d9bcef75674188e110969151199e39b1fa693"
  integrity sha1-yY2bzvdWdBiOEQlpFRGZ45sfppM=

float-hsl2rgb@^1.0.2:
  version "1.0.2"
  resolved "https://registry.npmmirror.com/float-hsl2rgb/download/float-hsl2rgb-1.0.2.tgz#ecf3509c40ac6567c96a204622b0c4c4bf43c8a1"
  integrity sha1-7PNQnECsZWfJaiBGIrDExL9DyKE=

float-rgb2hsl@^1.0.1:
  version "1.0.1"
  resolved "https://registry.npmmirror.com/float-rgb2hsl/download/float-rgb2hsl-1.0.1.tgz#8efeaa0fc726e53363a79bf3f636082055c10c0e"
  integrity sha1-jv6qD8cm5TNjp5vz9jYIIFXBDA4=

function-bind@^1.1.1:
  version "1.1.1"
  resolved "https://registry.nlark.com/function-bind/download/function-bind-1.1.1.tgz#a56899d3ea3c9bab874bb9773b7c5ede92f4895d"
  integrity sha1-pWiZ0+o8m6uHS7l3O3xe3pL0iV0=

get-canvas-context@^1.0.2:
  version "1.0.2"
  resolved "https://registry.nlark.com/get-canvas-context/download/get-canvas-context-1.0.2.tgz#d6e7b50bc4e4c86357cd39f22647a84b73601e93"
  integrity sha1-1ue1C8TkyGNXzTnyJkeoS3NgHpM=

get-intrinsic@^1.0.2:
  version "1.1.1"
  resolved "https://registry.nlark.com/get-intrinsic/download/get-intrinsic-1.1.1.tgz#15f59f376f855c446963948f0d24cd3637b4abc6"
  integrity sha1-FfWfN2+FXERpY5SPDSTNNje0q8Y=
  dependencies:
    function-bind "^1.1.1"
    has "^1.0.3"
    has-symbols "^1.0.1"

glsl-aastep@^1.0.1:
  version "1.0.1"
  resolved "https://registry.npmmirror.com/glsl-aastep/download/glsl-aastep-1.0.1.tgz#eeaf16961e472c9b8b3d965d080ab8ec1d4c6bb8"
  integrity sha1-7q8Wlh5HLJuLPZZdCAq47B1Ma7g=

glsl-noise@^0.0.0:
  version "0.0.0"
  resolved "https://registry.npm.taobao.org/glsl-noise/download/glsl-noise-0.0.0.tgz#367745f3a33382c0eeec4cb54b7e99cfc1d7670b"
  integrity sha1-NndF86MzgsDu7Ey1S36Zz8HXZws=

has-symbols@^1.0.1, has-symbols@^1.0.2:
  version "1.0.2"
  resolved "https://registry.nlark.com/has-symbols/download/has-symbols-1.0.2.tgz#165d3070c00309752a1236a479331e3ac56f1423"
  integrity sha1-Fl0wcMADCXUqEjakeTMeOsVvFCM=

has-tostringtag@^1.0.0:
  version "1.0.0"
  resolved "https://registry.nlark.com/has-tostringtag/download/has-tostringtag-1.0.0.tgz?cache=0&sync_timestamp=1628198671004&other_urls=https%3A%2F%2Fregistry.nlark.com%2Fhas-tostringtag%2Fdownload%2Fhas-tostringtag-1.0.0.tgz#7e133818a7d394734f941e73c3d3f9291e658b25"
  integrity sha1-fhM4GKfTlHNPlB5zw9P5KR5liyU=
  dependencies:
    has-symbols "^1.0.2"

has@^1.0.3:
  version "1.0.3"
  resolved "https://registry.nlark.com/has/download/has-1.0.3.tgz#722d7cbfc1f6aa8241f16dd814e011e1f41e8796"
  integrity sha1-ci18v8H2qoJB8W3YFOAR4fQeh5Y=
  dependencies:
    function-bind "^1.1.1"

is-arguments@^1.0.4:
  version "1.1.1"
  resolved "https://registry.nlark.com/is-arguments/download/is-arguments-1.1.1.tgz?cache=0&sync_timestamp=1628201919104&other_urls=https%3A%2F%2Fregistry.nlark.com%2Fis-arguments%2Fdownload%2Fis-arguments-1.1.1.tgz#15b3f88fda01f2a97fec84ca761a560f123efa9b"
  integrity sha1-FbP4j9oB8ql/7ITKdhpWDxI++ps=
  dependencies:
    call-bind "^1.0.2"
    has-tostringtag "^1.0.0"

is-class@0.0.5:
  version "0.0.5"
  resolved "https://registry.nlark.com/is-class/download/is-class-0.0.5.tgz#220a8465d24f9a142082d06c7c56edb39052416d"
  integrity sha1-IgqEZdJPmhQggtBsfFbts5BSQW0=

is-date-object@^1.0.1:
  version "1.0.5"
  resolved "https://registry.nlark.com/is-date-object/download/is-date-object-1.0.5.tgz?cache=0&other_urls=https%3A%2F%2Fregistry.nlark.com%2Fis-date-object%2Fdownload%2Fis-date-object-1.0.5.tgz#0841d5536e724c25597bf6ea62e1bd38298df31f"
  integrity sha1-CEHVU25yTCVZe/bqYuG9OCmN8x8=
  dependencies:
    has-tostringtag "^1.0.0"

is-dom@^1.0.9:
  version "1.1.0"
  resolved "https://registry.npm.taobao.org/is-dom/download/is-dom-1.1.0.tgz#af1fced292742443bb59ca3f76ab5e80907b4e8a"
  integrity sha1-rx/O0pJ0JEO7Wco/dqtegJB7Too=
  dependencies:
    is-object "^1.0.1"
    is-window "^1.0.2"

is-object@^1.0.1:
  version "1.0.2"
  resolved "https://registry.nlark.com/is-object/download/is-object-1.0.2.tgz#a56552e1c665c9e950b4a025461da87e72f86fcf"
  integrity sha1-pWVS4cZlyelQtKAlRh2ofnL4b88=

is-promise@^2.1.0:
  version "2.2.2"
  resolved "https://registry.nlark.com/is-promise/download/is-promise-2.2.2.tgz#39ab959ccbf9a774cf079f7b40c7a26f763135f1"
  integrity sha1-OauVnMv5p3TPB597QMeib3YxNfE=

is-regex@^1.0.4:
  version "1.1.4"
  resolved "https://registry.nlark.com/is-regex/download/is-regex-1.1.4.tgz#eef5663cd59fa4c0ae339505323df6854bb15958"
  integrity sha1-7vVmPNWfpMCuM5UFMj32hUuxWVg=
  dependencies:
    call-bind "^1.0.2"
    has-tostringtag "^1.0.0"

is-window@^1.0.2:
  version "1.0.2"
  resolved "https://registry.npm.taobao.org/is-window/download/is-window-1.0.2.tgz#2c896ca53db97de45d3c33133a65d8c9f563480d"
  integrity sha1-LIlspT25feRdPDMTOmXYyfVjSA0=

lineclip@^1.1.5:
  version "1.1.5"
  resolved "https://registry.nlark.com/lineclip/download/lineclip-1.1.5.tgz#2bf26067d94354feabf91e42768236db5616fd13"
  integrity sha1-K/JgZ9lDVP6r+R5CdoI221YW/RM=

normalize-svg-path@^0.1.0:
  version "0.1.0"
  resolved "https://registry.npm.taobao.org/normalize-svg-path/download/normalize-svg-path-0.1.0.tgz#456360e60ece75fbef7b5d7e160480e7ffd16fe5"
  integrity sha1-RWNg5g7Odfvve11+FgSA5//Rb+U=

normalize-svg-path@^1.0.1:
  version "1.1.0"
  resolved "https://registry.npm.taobao.org/normalize-svg-path/download/normalize-svg-path-1.1.0.tgz#0e614eca23c39f0cffe821d6be6cd17e569a766c"
  integrity sha1-DmFOyiPDnwz/6CHWvmzRflaadmw=
  dependencies:
    svg-arc-to-cubic-bezier "^3.0.0"

object-assign@^4.1.1:
  version "4.1.1"
  resolved "https://registry.nlark.com/object-assign/download/object-assign-4.1.1.tgz?cache=0&sync_timestamp=1618847043548&other_urls=https%3A%2F%2Fregistry.nlark.com%2Fobject-assign%2Fdownload%2Fobject-assign-4.1.1.tgz#2109adc7965887cfc05cbbd442cac8bfbb360863"
  integrity sha1-IQmtx5ZYh8/AXLvUQsrIv7s2CGM=

object-is@^1.0.1:
  version "1.1.5"
  resolved "https://registry.npm.taobao.org/object-is/download/object-is-1.1.5.tgz#b9deeaa5fc7f1846a0faecdceec138e5778f53ac"
  integrity sha1-ud7qpfx/GEag+uzc7sE45XePU6w=
  dependencies:
    call-bind "^1.0.2"
    define-properties "^1.1.3"

object-keys@^1.0.12, object-keys@^1.1.1:
  version "1.1.1"
  resolved "https://registry.nlark.com/object-keys/download/object-keys-1.1.1.tgz#1c47f272df277f3b1daf061677d9c82e2322c60e"
  integrity sha1-HEfyct8nfzsdrwYWd9nILiMixg4=

pad-left@^2.1.0:
  version "2.1.0"
  resolved "https://registry.nlark.com/pad-left/download/pad-left-2.1.0.tgz#16e6a3b2d44a8e138cb0838cc7cb403a4fc9e994"
  integrity sha1-FuajstRKjhOMsIOMx8tAOk/J6ZQ=
  dependencies:
    repeat-string "^1.5.4"

parse-color@^1.0.0:
  version "1.0.0"
  resolved "https://registry.npm.taobao.org/parse-color/download/parse-color-1.0.0.tgz#7b748b95a83f03f16a94f535e52d7f3d94658619"
  integrity sha1-e3SLlag/A/FqlPU15S1/PZRlhhk=
  dependencies:
    color-convert "~0.5.0"

parse-svg-path@^0.1.2:
  version "0.1.2"
  resolved "https://registry.nlark.com/parse-svg-path/download/parse-svg-path-0.1.2.tgz#7a7ec0d1eb06fa5325c7d3e009b859a09b5d49eb"
  integrity sha1-en7A0esG+lMlx9PgCbhZoJtdSes=

primitive-quad@^2.0.0:
  version "2.0.0"
  resolved "https://registry.npmmirror.com/primitive-quad/download/primitive-quad-2.0.0.tgz#c20993e4f9600238926bb500e529053043ef8aeb"
  integrity sha1-wgmT5PlgAjiSa7UA5SkFMEPvius=

regexp.prototype.flags@^1.2.0:
  version "1.3.1"
  resolved "https://registry.nlark.com/regexp.prototype.flags/download/regexp.prototype.flags-1.3.1.tgz#7ef352ae8d159e758c0eadca6f8fcb4eef07be26"
  integrity sha1-fvNSro0VnnWMDq3Kb4/LTu8HviY=
  dependencies:
    call-bind "^1.0.2"
    define-properties "^1.1.3"

regl@^1.3.7:
  version "1.7.0"
  resolved "https://registry.npm.taobao.org/regl/download/regl-1.7.0.tgz#0d185431044a356bf80e9b775b11b935ef2746d3"
  integrity sha1-DRhUMQRKNWv4Dpt3WxG5Ne8nRtM=

repeat-string@^1.5.4:
  version "1.6.1"
  resolved "https://registry.npm.taobao.org/repeat-string/download/repeat-string-1.6.1.tgz#8dcae470e1c88abc2d600fff4a776286da75e637"
  integrity sha1-jcrkcOHIirwtYA//Sndihtp15jc=

right-now@^1.0.0:
  version "1.0.0"
  resolved "https://registry.nlark.com/right-now/download/right-now-1.0.0.tgz#6e89609deebd7dcdaf8daecc9aea39cf585a0918"
  integrity sha1-bolgne69fc2vja7Mmuo5z1haCRg=

seed-random@^2.2.0:
  version "2.2.0"
  resolved "https://registry.npm.taobao.org/seed-random/download/seed-random-2.2.0.tgz#2a9b19e250a817099231a5b99a4daf80b7fbed54"
  integrity sha1-KpsZ4lCoFwmSMaW5mk2vgLf77VQ=

simplex-noise@^2.4.0:
  version "2.4.0"
  resolved "https://registry.nlark.com/simplex-noise/download/simplex-noise-2.4.0.tgz#81b3458fb22dccc3bc8dd9a977c73797f86f523a"
  integrity sha1-gbNFj7ItzMO8jdmpd8c3l/hvUjo=

svg-arc-to-cubic-bezier@^3.0.0:
  version "3.2.0"
  resolved "https://registry.npm.taobao.org/svg-arc-to-cubic-bezier/download/svg-arc-to-cubic-bezier-3.2.0.tgz#390c450035ae1c4a0104d90650304c3bc814abe6"
  integrity sha1-OQxFADWuHEoBBNkGUDBMO8gUq+Y=

svg-path-contours@^2.0.0:
  version "2.0.0"
  resolved "https://registry.npmmirror.com/svg-path-contours/download/svg-path-contours-2.0.0.tgz#c76a129429db05eb6d7b61e4d1c58d114a8938a2"
  integrity sha1-x2oSlCnbBette2Hk0cWNEUqJOKI=
  dependencies:
    abs-svg-path "^0.1.1"
    adaptive-bezier-curve "^1.0.3"
    normalize-svg-path "^0.1.0"
    vec2-copy "^1.0.0"

three@0.107:
  version "0.107.0"
  resolved "https://registry.npmmirror.com/three/download/three-0.107.0.tgz?cache=0&sync_timestamp=1636706775671&other_urls=https%3A%2F%2Fregistry.npmmirror.com%2Fthree%2Fdownload%2Fthree-0.107.0.tgz#0c862c348d61bd3f22058e01f5e771c1294315a1"
  integrity sha1-DIYsNI1hvT8iBY4B9edxwSlDFaE=

vec2-copy@^1.0.0:
  version "1.0.0"
  resolved "https://registry.npm.taobao.org/vec2-copy/download/vec2-copy-1.0.0.tgz#c6eec1d8dad54625194e5f71f8433b62d2f20a7a"
  integrity sha1-xu7B2NrVRiUZTl9x+EM7YtLyCno=
